
Microsoft Visual Studio Solution File, Format Version 12.00
# Visual Studio Version 16
VisualStudioVersion = 16.0.810.22
MinimumVisualStudioVersion = 10.0.40219.1
Project("{FAE04EC0-301F-11D3-BF4B-00C04F79EFBC}") = "Lab_6", "Lab_6\Lab_6.csproj", "{799FD78E-3040-4B49-AC4D-E23F7EA065FF}"
EndProject
Global
	GlobalSection(SolutionConfigurationPlatforms) = preSolution
		Debug|Any CPU = Debug|Any CPU
		Release|Any CPU = Release|Any CPU
	EndGlobalSection
	GlobalSection(ProjectConfigurationPlatforms) = postSolution
		{799FD78E-3040-4B49-AC4D-E23F7EA065FF}.Debug|Any CPU.ActiveCfg = Debug|Any CPU
		{799FD78E-3040-4B49-AC4D-E23F7EA065FF}.Debug|Any CPU.Build.0 = Debug|Any CPU
		{799FD78E-3040-4B49-AC4D-E23F7EA065FF}.Release|Any CPU.ActiveCfg = Release|Any CPU
		{799FD78E-3040-4B49-AC4D-E23F7EA065FF}.Release|Any CPU.Build.0 = Release|Any CPU
	EndGlobalSection
	GlobalSection(SolutionProperties) = preSolution
		HideSolutionNode = FALSE
	EndGlobalSection
	GlobalSection(ExtensibilityGlobals) = postSolution
		SolutionGuid = {0687D495-1ACF-44FC-88DD-427C34D650D9}
	EndGlobalSection
EndGlobal
